# THIS IS AN AUTOGENERATED FILE. DO NOT EDIT THIS FILE DIRECTLY.
# yarn lockfile v1


"@hotwired/stimulus@^3.0.1":
  version "3.0.1"
  resolved "https://registry.yarnpkg.com/@hotwired/stimulus/-/stimulus-3.0.1.tgz#141f15645acaa3b133b7c247cad58ae252ffae85"
  integrity sha512-oHsJhgY2cip+K2ED7vKUNd2P+BEswVhrCYcJ802DSsblJFv7mPFVk3cQKvm2vHgHeDVdnj7oOKrBbzp1u8D+KA==

"@hotwired/turbo-rails@^7.0.1":
  version "7.0.1"
  resolved "https://registry.yarnpkg.com/@hotwired/turbo-rails/-/turbo-rails-7.0.1.tgz#d39816eef215e83468fa306a963e7c874ffe70f7"
  integrity sha512-0cV7zG9aCzF/foidgfx6WvqKDcRKXJt2aT1fenNFywO7armGTD8S86V8U1IyUAHq+ZkIL26moc+AB40uTZt0oA==
  dependencies:
    "@hotwired/turbo" "^7.0.1"
    "@rails/actioncable" "^6.0.0"

"@hotwired/turbo@^7.0.1":
  version "7.0.1"
  resolved "https://registry.yarnpkg.com/@hotwired/turbo/-/turbo-7.0.1.tgz#2a8c6ab2f24914d1d47f3a7a7779e2881e8c61a0"
  integrity sha512-awqraytYXbHV2NT0WAOnDDDGJeHHnFtnztdXvRuIqgsStUtPKM8B9H7ISm77SwbHemEjxEOB8Ku4RfNbEEXsPQ==

"@juggle/resize-observer@^3.3.1":
  version "3.3.1"
  resolved "https://registry.yarnpkg.com/@juggle/resize-observer/-/resize-observer-3.3.1.tgz#b50a781709c81e10701004214340f25475a171a0"
  integrity sha512-zMM9Ds+SawiUkakS7y94Ymqx+S0ORzpG3frZirN3l+UlXUmSUR7hF4wxCVqW+ei94JzV5kt0uXBcoOEAuiydrw==

"@popperjs/core@^2.10.2":
  version "2.10.2"
  resolved "https://registry.yarnpkg.com/@popperjs/core/-/core-2.10.2.tgz#0798c03351f0dea1a5a4cabddf26a55a7cbee590"
  integrity sha512-IXf3XA7+XyN7CP9gGh/XB0UxVMlvARGEgGXLubFICsUMGz6Q+DU+i4gGlpOxTjKvXjkJDJC8YdqdKkDj9qZHEQ==

"@rails/actioncable@^6.0.0":
  version "6.1.3"
  resolved "https://registry.yarnpkg.com/@rails/actioncable/-/actioncable-6.1.3.tgz#c8a67ec4d22ecd6931f7ebd98143fddbc815419a"
  integrity sha512-m02524MR9cTnUNfGz39Lkx9jVvuL0tle4O7YgvouJ7H83FILxzG1nQ5jw8pAjLAr9XQGu+P1sY4SKE3zyhCNjw==

"@rails/activestorage@^6.0.0":
  version "6.1.3"
  resolved "https://registry.yarnpkg.com/@rails/activestorage/-/activestorage-6.1.3.tgz#d76ce0fe59b5778e05b967c22c61b2964fde112a"
  integrity sha512-9it2rc+79E+GP4GWX/P2M9/INcp1SicJaiF5yqj+k40x/JY+/eVdSAGfRCgq2G/FwkUdGlaKnG2OoDcXchczlw==
  dependencies:
    spark-md5 "^3.0.0"

"@rails/ujs@^6.0.0":
  version "6.1.3"
  resolved "https://registry.yarnpkg.com/@rails/ujs/-/ujs-6.1.3.tgz#90ef26caa0925492b1a3b1495db09cfbe49e745e"
  integrity sha512-9mip5o+LVouWAqLMNJWhxda+D5uP+4RziNECgOGJlL6k3rc5SC/ljCHpV9Cym4i3oeGZkpZJ2tu4frCwt84kzQ==

anymatch@~3.1.1:
  version "3.1.2"
  resolved "https://registry.yarnpkg.com/anymatch/-/anymatch-3.1.2.tgz#c0557c096af32f106198f4f4e2a383537e378716"
  integrity sha512-P43ePfOAIupkguHUycrc4qJ9kz8ZiuOUijaETwX7THt0Y/GNK7v0aa8rY816xWjZ7rJdA5XdMcpVFTKMq+RvWg==
  dependencies:
    normalize-path "^3.0.0"
    picomatch "^2.0.4"

balanced-match@^1.0.0:
  version "1.0.2"
  resolved "https://registry.yarnpkg.com/balanced-match/-/balanced-match-1.0.2.tgz#e83e3a7e3f300b34cb9d87f615fa0cbf357690ee"
  integrity sha512-3oSeUO0TMV67hN1AmbXsK4yaqU7tjiHlbxRDZOpH0KW9+CeX4bRAaX0Anxt0tx2MrpRpWwQaPwIlISEJhYU5Pw==

binary-extensions@^2.0.0:
  version "2.2.0"
  resolved "https://registry.yarnpkg.com/binary-extensions/-/binary-extensions-2.2.0.tgz#75f502eeaf9ffde42fc98829645be4ea76bd9e2d"
  integrity sha512-jDctJ/IVQbZoJykoeHbhXpOlNBqGNcwXJKJog42E5HDPUwQTSdjCHdihjj0DlnheQ7blbT6dHOafNAiS8ooQKA==

bootstrap-icons@^1.4.1:
  version "1.6.1"
  resolved "https://registry.yarnpkg.com/bootstrap-icons/-/bootstrap-icons-1.6.1.tgz#66c87beff34840efa5f248b3091c82d9348864e8"
  integrity sha512-MNpF89+njCdVJePDRbCd2DrUusqIyNsPlBrdKqBEXAvFZpwb+Gc8k2VlyF2ueiDQn1PoeTSg9UqQNgx8tGqHAA==

bootstrap@^5.1.3:
  version "5.1.3"
  resolved "https://registry.yarnpkg.com/bootstrap/-/bootstrap-5.1.3.tgz#ba081b0c130f810fa70900acbc1c6d3c28fa8f34"
  integrity sha512-fcQztozJ8jToQWXxVuEyXWW+dSo8AiXWKwiSSrKWsRB/Qt+Ewwza+JWoLKiTuQLaEPhdNAJ7+Dosc9DOIqNy7Q==

bootswatch@^5.0.0:
  version "5.1.3"
  resolved "https://registry.yarnpkg.com/bootswatch/-/bootswatch-5.1.3.tgz#aa6bd96acbaff9d5f7b1215a8ae00b68d918a26f"
  integrity sha512-NmZFN6rOCoXWQ/PkzmD8FFWDe24kocX9OXWHNVaLxVVnpqpAzEbMFsf8bAfKwVtpNXibasZCzv09B5fLieAh2g==

brace-expansion@^1.1.7:
  version "1.1.11"
  resolved "https://registry.yarnpkg.com/brace-expansion/-/brace-expansion-1.1.11.tgz#3c7fcbf529d87226f3d2f52b966ff5271eb441dd"
  integrity sha512-iCuPHDFgrHX7H2vEI/5xpz07zSHB00TpugqhmYtVmMO6518mCuRMoOYFldEBl0g187ufozdaHgWKcYFb61qGiA==
  dependencies:
    balanced-match "^1.0.0"
    concat-map "0.0.1"

braces@~3.0.2:
  version "3.0.2"
  resolved "https://registry.yarnpkg.com/braces/-/braces-3.0.2.tgz#3454e1a462ee8d599e236df336cd9ea4f8afe107"
  integrity sha512-b8um+L1RzM3WDSzvhm6gIz1yfTbBt6YTlcEKAvsmqCZZFw46z626lVj9j1yEPW33H5H+lBQpZMP1k8l+78Ha0A==
  dependencies:
    fill-range "^7.0.1"

can-use-dom@^0.1.0:
  version "0.1.0"
  resolved "https://registry.yarnpkg.com/can-use-dom/-/can-use-dom-0.1.0.tgz#22cc4a34a0abc43950f42c6411024a3f6366b45a"
  integrity sha1-IsxKNKCrxDlQ9CxkEQJKP2NmtFo=

"chokidar@>=3.0.0 <4.0.0":
  version "3.5.1"
  resolved "https://registry.yarnpkg.com/chokidar/-/chokidar-3.5.1.tgz#ee9ce7bbebd2b79f49f304799d5468e31e14e68a"
  integrity sha512-9+s+Od+W0VJJzawDma/gvBNQqkTiqYTWLuZoyAsivsI4AaWTCzHG06/TMjsf1cYe9Cb97UCEhjz7HvnPk2p/tw==
  dependencies:
    anymatch "~3.1.1"
    braces "~3.0.2"
    glob-parent "~5.1.0"
    is-binary-path "~2.1.0"
    is-glob "~4.0.1"
    normalize-path "~3.0.0"
    readdirp "~3.5.0"
  optionalDependencies:
    fsevents "~2.3.1"

concat-map@0.0.1:
  version "0.0.1"
  resolved "https://registry.yarnpkg.com/concat-map/-/concat-map-0.0.1.tgz#d8a96bd77fd68df7793a73036a3ba0d5405d477b"
  integrity sha1-2Klr13/Wjfd5OnMDajug1UBdR3s=

core-js@^3.0.1:
  version "3.19.0"
  resolved "https://registry.yarnpkg.com/core-js/-/core-js-3.19.0.tgz#9e40098a9bc326c7e81b486abbd5e12b9d275176"
  integrity sha512-L1TpFRWXZ76vH1yLM+z6KssLZrP8Z6GxxW4auoCj+XiViOzNPJCAuTIkn03BGdFe6Z5clX5t64wRIRypsZQrUg==

esbuild-android-arm64@0.13.10:
  version "0.13.10"
  resolved "https://registry.yarnpkg.com/esbuild-android-arm64/-/esbuild-android-arm64-0.13.10.tgz#3545c71bf01e8b36535681078cdb0191c8654452"
  integrity sha512-1sCdVAq64yMp2Uhlu+97/enFxpmrj31QHtThz7K+/QGjbHa7JZdBdBsZCzWJuntKHZ+EU178tHYkvjaI9z5sGg==

esbuild-darwin-64@0.13.10:
  version "0.13.10"
  resolved "https://registry.yarnpkg.com/esbuild-darwin-64/-/esbuild-darwin-64-0.13.10.tgz#143e34d7f5d3860cc681c64c860f531e60496b5b"
  integrity sha512-XlL+BYZ2h9cz3opHfFgSHGA+iy/mljBFIRU9q++f9SiBXEZTb4gTW/IENAD1l9oKH0FdO9rUpyAfV+lM4uAxrg==

esbuild-darwin-arm64@0.13.10:
  version "0.13.10"
  resolved "https://registry.yarnpkg.com/esbuild-darwin-arm64/-/esbuild-darwin-arm64-0.13.10.tgz#456a044b789d5d256af8d264314da5217ca9fcd1"
  integrity sha512-RZMMqMTyActMrXKkW71IQO8B0tyQm0Bm+ZJQWNaHJchL5LlqazJi7rriwSocP+sKLszHhsyTEBBh6qPdw5g5yQ==

esbuild-freebsd-64@0.13.10:
  version "0.13.10"
  resolved "https://registry.yarnpkg.com/esbuild-freebsd-64/-/esbuild-freebsd-64-0.13.10.tgz#dcd829a4a95226716faae8a2f378f08688f921b6"
  integrity sha512-pf4BEN9reF3jvZEZdxljVgOv5JS4kuYFCI78xk+2HWustbLvTP0b9XXfWI/OD0ZLWbyLYZYIA+VbVe4tdAklig==

esbuild-freebsd-arm64@0.13.10:
  version "0.13.10"
  resolved "https://registry.yarnpkg.com/esbuild-freebsd-arm64/-/esbuild-freebsd-arm64-0.13.10.tgz#116c254b3eb1b9d1dd6f12e0271967de4512ca09"
  integrity sha512-j9PUcuNWmlxr4/ry4dK/s6zKh42Jhh/N5qnAAj7tx3gMbkIHW0JBoVSbbgp97p88X9xgKbXx4lG2sJDhDWmsYQ==

esbuild-linux-32@0.13.10:
  version "0.13.10"
  resolved "https://registry.yarnpkg.com/esbuild-linux-32/-/esbuild-linux-32-0.13.10.tgz#131971622c38e5aa014303a494a1b5c3cc90f2be"
  integrity sha512-imtdHG5ru0xUUXuc2ofdtyw0fWlHYXV7JjF7oZHgmn0b+B4o4Nr6ZON3xxoo1IP8wIekW+7b9exIf/MYq0QV7w==

esbuild-linux-64@0.13.10:
  version "0.13.10"
  resolved "https://registry.yarnpkg.com/esbuild-linux-64/-/esbuild-linux-64-0.13.10.tgz#48826c388abd5dde3fc098a8ef38d8b548674f93"
  integrity sha512-O7fzQIH2e7GC98dvoTH0rad5BVLm9yU3cRWfEmryCEIFTwbNEWCEWOfsePuoGOHRtSwoVY1hPc21CJE4/9rWxQ==

esbuild-linux-arm64@0.13.10:
  version "0.13.10"
  resolved "https://registry.yarnpkg.com/esbuild-linux-arm64/-/esbuild-linux-arm64-0.13.10.tgz#0be9ffc92e30641869c7fbca0ec5d30fa8cbddd6"
  integrity sha512-bkGxN67S2n0PF4zhh87/92kBTsH2xXLuH6T5omReKhpXdJZF5SVDSk5XU/nngARzE+e6QK6isK060Dr5uobzNw==

esbuild-linux-arm@0.13.10:
  version "0.13.10"
  resolved "https://registry.yarnpkg.com/esbuild-linux-arm/-/esbuild-linux-arm-0.13.10.tgz#8c15bcaa41a022c834f049a71a7d1fbade507532"
  integrity sha512-R2Jij4A0K8BcmBehvQeUteQEcf24Y2YZ6mizlNFuJOBPxe3vZNmkZ4mCE7Pf1tbcqA65qZx8J3WSHeGJl9EsJA==

esbuild-linux-mips64le@0.13.10:
  version "0.13.10"
  resolved "https://registry.yarnpkg.com/esbuild-linux-mips64le/-/esbuild-linux-mips64le-0.13.10.tgz#5bb33a2bc82e9c78ed724f345a8359610ddc9695"
  integrity sha512-UDNO5snJYOLWrA2uOUxM/PVbzzh2TR7Zf2i8zCCuFlYgvAb/81XO+Tasp3YAElDpp4VGqqcpBXLtofa9nrnJGA==

esbuild-linux-ppc64le@0.13.10:
  version "0.13.10"
  resolved "https://registry.yarnpkg.com/esbuild-linux-ppc64le/-/esbuild-linux-ppc64le-0.13.10.tgz#18703cd0d52447d97486735b8e79fba7d81eac65"
  integrity sha512-xu6J9rMWu1TcEGuEmoc8gsTrJCEPsf+QtxK4IiUZNde9r4Q4nlRVah4JVZP3hJapZgZJcxsse0XiKXh1UFdOeA==

esbuild-netbsd-64@0.13.10:
  version "0.13.10"
  resolved "https://registry.yarnpkg.com/esbuild-netbsd-64/-/esbuild-netbsd-64-0.13.10.tgz#3ecb06158aadb5b7396a5b7632069181b1591c56"
  integrity sha512-d+Gr0ScMC2J83Bfx/ZvJHK0UAEMncctwgjRth9d4zppYGLk/xMfFKxv5z1ib8yZpQThafq8aPm8AqmFIJrEesw==

esbuild-openbsd-64@0.13.10:
  version "0.13.10"
  resolved "https://registry.yarnpkg.com/esbuild-openbsd-64/-/esbuild-openbsd-64-0.13.10.tgz#3a6950b1d955de921ac52f7af0b4865e89d6e4f1"
  integrity sha512-OuCYc+bNKumBvxflga+nFzZvxsgmWQW+z4rMGIjM5XIW0nNbGgRc5p/0PSDv0rTdxAmwCpV69fezal0xjrDaaA==

esbuild-rails@^1.0.3:
  version "1.0.3"
  resolved "https://registry.yarnpkg.com/esbuild-rails/-/esbuild-rails-1.0.3.tgz#5b963c4affd9cbac3c3d589141062c4deabd5a19"
  integrity sha512-a/bD6R3/VBynPD/ftQ6OpYNpjdeG2W30jZ1eEHd2aTsZBdK8ppuox3pZBv1M3c7ZPf+RicYM8cpx9MV/mVs2BA==
  dependencies:
    glob "^7.2.0"

esbuild-sunos-64@0.13.10:
  version "0.13.10"
  resolved "https://registry.yarnpkg.com/esbuild-sunos-64/-/esbuild-sunos-64-0.13.10.tgz#ad407f721a8b5727fca31958b5eab1b0232e2d73"
  integrity sha512-gUkgivZK11bD56wDoLsnYrsOHD/zHzzLSdqKcIl3wRMulfHpRBpoX8gL0dbWr+8N9c+1HDdbNdvxSRmZ4RCVwg==

esbuild-windows-32@0.13.10:
  version "0.13.10"
  resolved "https://registry.yarnpkg.com/esbuild-windows-32/-/esbuild-windows-32-0.13.10.tgz#ddaaa0b6e172df6512edc7a91bd2456615cfa914"
  integrity sha512-C1xJ54E56dGWRaYcTnRy7amVZ9n1/D/D2/qVw7e5EtS7p+Fv/yZxxgqyb1hMGKXgtFYX4jMpU5eWBF/AsYrn+A==

esbuild-windows-64@0.13.10:
  version "0.13.10"
  resolved "https://registry.yarnpkg.com/esbuild-windows-64/-/esbuild-windows-64-0.13.10.tgz#93d861abf36bf71b6e61f5cbd2e42762ce5cb83a"
  integrity sha512-6+EXEXopEs3SvPFAHcps2Krp/FvqXXsOQV33cInmyilb0ZBEQew4MIoZtMIyB3YXoV6//dl3i6YbPrFZaWEinQ==

esbuild-windows-arm64@0.13.10:
  version "0.13.10"
  resolved "https://registry.yarnpkg.com/esbuild-windows-arm64/-/esbuild-windows-arm64-0.13.10.tgz#85a2d338aaa8b0cd1d8ecbe9150def9a608e8947"
  integrity sha512-xTqM/XKhORo6u9S5I0dNJWEdWoemFjogLUTVLkQMVyUV3ZuMChahVA+bCqKHdyX55pCFxD/8v2fm3/sfFMWN+g==

esbuild@^0.13.10:
  version "0.13.10"
  resolved "https://registry.yarnpkg.com/esbuild/-/esbuild-0.13.10.tgz#e3d24d59f1d8b2130d746ca858efcb80e1d99b26"
  integrity sha512-0NfCsnAh5XatHIx6Cu93wpR2v6opPoOMxONYhaAoZKzGYqAE+INcDeX2wqMdcndvPQdWCuuCmvlnsh0zmbHcSQ==
  optionalDependencies:
    esbuild-android-arm64 "0.13.10"
    esbuild-darwin-64 "0.13.10"
    esbuild-darwin-arm64 "0.13.10"
    esbuild-freebsd-64 "0.13.10"
    esbuild-freebsd-arm64 "0.13.10"
    esbuild-linux-32 "0.13.10"
    esbuild-linux-64 "0.13.10"
    esbuild-linux-arm "0.13.10"
    esbuild-linux-arm64 "0.13.10"
    esbuild-linux-mips64le "0.13.10"
    esbuild-linux-ppc64le "0.13.10"
    esbuild-netbsd-64 "0.13.10"
    esbuild-openbsd-64 "0.13.10"
    esbuild-sunos-64 "0.13.10"
    esbuild-windows-32 "0.13.10"
    esbuild-windows-64 "0.13.10"
    esbuild-windows-arm64 "0.13.10"

fill-range@^7.0.1:
  version "7.0.1"
  resolved "https://registry.yarnpkg.com/fill-range/-/fill-range-7.0.1.tgz#1919a6a7c75fe38b2c7c77e5198535da9acdda40"
  integrity sha512-qOo9F+dMUmC2Lcb4BbVvnKJxTPjCm+RRpe4gDuGrzkL7mEVl/djYSu2OdQ2Pa302N4oqkSg9ir6jaLWJ2USVpQ==
  dependencies:
    to-regex-range "^5.0.1"

fs.realpath@^1.0.0:
  version "1.0.0"
  resolved "https://registry.yarnpkg.com/fs.realpath/-/fs.realpath-1.0.0.tgz#1504ad2523158caa40db4a2787cb01411994ea4f"
  integrity sha1-FQStJSMVjKpA20onh8sBQRmU6k8=

fsevents@~2.3.1:
  version "2.3.2"
  resolved "https://registry.yarnpkg.com/fsevents/-/fsevents-2.3.2.tgz#8a526f78b8fdf4623b709e0b975c52c24c02fd1a"
  integrity sha512-xiqMQR4xAeHTuB9uWm+fFRcIOgKBMiOBP+eXiyT7jsgVCq1bkVygt00oASowB7EdtpOHaaPgKt812P9ab+DDKA==

glob-parent@~5.1.0:
  version "5.1.2"
  resolved "https://registry.yarnpkg.com/glob-parent/-/glob-parent-5.1.2.tgz#869832c58034fe68a4093c17dc15e8340d8401c4"
  integrity sha512-AOIgSQCepiJYwP3ARnGx+5VnTu2HBYdzbGP45eLw1vr3zB3vZLeyed1sC9hnbcOc9/SrMyM5RPQrkGz4aS9Zow==
  dependencies:
    is-glob "^4.0.1"

glob@^7.2.0:
  version "7.2.0"
  resolved "https://registry.yarnpkg.com/glob/-/glob-7.2.0.tgz#d15535af7732e02e948f4c41628bd910293f6023"
  integrity sha512-lmLf6gtyrPq8tTjSmrO94wBeQbFR3HbLHbuyD69wuyQkImp2hWqMGB47OX65FBkPffO641IP9jWa1z4ivqG26Q==
  dependencies:
    fs.realpath "^1.0.0"
    inflight "^1.0.4"
    inherits "2"
    minimatch "^3.0.4"
    once "^1.3.0"
    path-is-absolute "^1.0.0"

inflight@^1.0.4:
  version "1.0.6"
  resolved "https://registry.yarnpkg.com/inflight/-/inflight-1.0.6.tgz#49bd6331d7d02d0c09bc910a1075ba8165b56df9"
  integrity sha1-Sb1jMdfQLQwJvJEKEHW6gWW1bfk=
  dependencies:
    once "^1.3.0"
    wrappy "1"

inherits@2:
  version "2.0.4"
  resolved "https://registry.yarnpkg.com/inherits/-/inherits-2.0.4.tgz#0fa2c64f932917c3433a0ded55363aae37416b7c"
  integrity sha512-k/vGaX4/Yla3WzyMCvTQOXYeIHvqOKtnqBduzTHpzpQZzAskKMhZ2K+EnBiSM9zGSoIFeMpXKxa4dYeZIQqewQ==

is-binary-path@~2.1.0:
  version "2.1.0"
  resolved "https://registry.yarnpkg.com/is-binary-path/-/is-binary-path-2.1.0.tgz#ea1f7f3b80f064236e83470f86c09c254fb45b09"
  integrity sha512-ZMERYes6pDydyuGidse7OsHxtbI7WVeUEozgR/g7rd0xUimYNlvZRE/K2MgZTjWy725IfelLeVcEM97mmtRGXw==
  dependencies:
    binary-extensions "^2.0.0"

is-extglob@^2.1.1:
  version "2.1.1"
  resolved "https://registry.yarnpkg.com/is-extglob/-/is-extglob-2.1.1.tgz#a88c02535791f02ed37c76a1b9ea9773c833f8c2"
  integrity sha1-qIwCU1eR8C7TfHahueqXc8gz+MI=

is-glob@^4.0.1, is-glob@~4.0.1:
  version "4.0.1"
  resolved "https://registry.yarnpkg.com/is-glob/-/is-glob-4.0.1.tgz#7567dbe9f2f5e2467bc77ab83c4a29482407a5dc"
  integrity sha512-5G0tKtBTFImOqDnLB2hG6Bp2qcKEFduo4tZu9MT/H6NQv/ghhy30o55ufafxJ/LdH79LLs2Kfrn85TLKyA7BUg==
  dependencies:
    is-extglob "^2.1.1"

is-number@^7.0.0:
  version "7.0.0"
  resolved "https://registry.yarnpkg.com/is-number/-/is-number-7.0.0.tgz#7535345b896734d5f80c4d06c50955527a14f12b"
  integrity sha512-41Cifkg6e8TylSpdtTpeLVMqvSBEVzTttHvERD741+pnZ8ANv0004MRL43QKPDlK9cGvNp6NZWZUBlbGXYxxng==

lodash.debounce@^4.0.8:
  version "4.0.8"
  resolved "https://registry.yarnpkg.com/lodash.debounce/-/lodash.debounce-4.0.8.tgz#82d79bff30a67c4005ffd5e2515300ad9ca4d7af"
  integrity sha1-gteb/zCmfEAF/9XiUVMArZyk168=

lodash.memoize@^4.1.2:
  version "4.1.2"
  resolved "https://registry.yarnpkg.com/lodash.memoize/-/lodash.memoize-4.1.2.tgz#bcc6c49a42a2840ed997f323eada5ecd182e0bfe"
  integrity sha1-vMbEmkKihA7Zl/Mj6tpezRguC/4=

lodash.throttle@^4.1.1:
  version "4.1.1"
  resolved "https://registry.yarnpkg.com/lodash.throttle/-/lodash.throttle-4.1.1.tgz#c23e91b710242ac70c37f1e1cda9274cc39bf2f4"
  integrity sha1-wj6RtxAkKscMN/HhzaknTMOb8vQ=

minimatch@^3.0.4:
  version "3.0.4"
  resolved "https://registry.yarnpkg.com/minimatch/-/minimatch-3.0.4.tgz#5166e286457f03306064be5497e8dbb0c3d32083"
  integrity sha512-yJHVQEhyqPLUTgt9B83PXu6W3rx4MvvHvSUvToogpwoGDOUQ+yDrR0HRot+yOCdCO7u4hX3pWft6kWBBcqh0UA==
  dependencies:
    brace-expansion "^1.1.7"

normalize-path@^3.0.0, normalize-path@~3.0.0:
  version "3.0.0"
  resolved "https://registry.yarnpkg.com/normalize-path/-/normalize-path-3.0.0.tgz#0dcd69ff23a1c9b11fd0978316644a0388216a65"
  integrity sha512-6eZs5Ls3WtCisHWp9S2GUy8dqkpGi4BVSz3GaqiE6ezub0512ESztXUwUB6C6IKbQkY2Pnb/mD4WYojCRwcwLA==

once@^1.3.0:
  version "1.4.0"
  resolved "https://registry.yarnpkg.com/once/-/once-1.4.0.tgz#583b1aa775961d4b113ac17d9c50baef9dd76bd1"
  integrity sha1-WDsap3WWHUsROsF9nFC6753Xa9E=
  dependencies:
    wrappy "1"

path-is-absolute@^1.0.0:
  version "1.0.1"
  resolved "https://registry.yarnpkg.com/path-is-absolute/-/path-is-absolute-1.0.1.tgz#174b9268735534ffbc7ace6bf53a5a9e1b5c5f5f"
  integrity sha1-F0uSaHNVNP+8es5r9TpanhtcX18=

picomatch@^2.0.4, picomatch@^2.2.1:
  version "2.2.3"
  resolved "https://registry.yarnpkg.com/picomatch/-/picomatch-2.2.3.tgz#465547f359ccc206d3c48e46a1bcb89bf7ee619d"
  integrity sha512-KpELjfwcCDUb9PeigTs2mBJzXUPzAuP2oPcA989He8Rte0+YUAjw1JVedDhuTKPkHjSYzMN3npC9luThGYEKdg==

readdirp@~3.5.0:
  version "3.5.0"
  resolved "https://registry.yarnpkg.com/readdirp/-/readdirp-3.5.0.tgz#9ba74c019b15d365278d2e91bb8c48d7b4d42c9e"
  integrity sha512-cMhu7c/8rdhkHXWsY+osBhfSy0JikwpHK/5+imo+LpeasTF8ouErHrlYkwT0++njiyuDvc7OFY5T3ukvZ8qmFQ==
  dependencies:
    picomatch "^2.2.1"

sass@^1.43.4:
  version "1.43.4"
  resolved "https://registry.yarnpkg.com/sass/-/sass-1.43.4.tgz#68c7d6a1b004bef49af0d9caf750e9b252105d1f"
  integrity sha512-/ptG7KE9lxpGSYiXn7Ar+lKOv37xfWsZRtFYal2QHNigyVQDx685VFT/h7ejVr+R8w7H4tmUgtulsKl5YpveOg==
  dependencies:
    chokidar ">=3.0.0 <4.0.0"

simplebar@^5.3.3:
  version "5.3.6"
  resolved "https://registry.yarnpkg.com/simplebar/-/simplebar-5.3.6.tgz#d9383576a09a6fd09e19543f8e9906a3e87c3896"
  integrity sha512-FJUMbV+hNDd/m+1/fvD41TXKd5mSdlI5zgBygkaQIV3SffNbcLhSbJT6ufTs8ZNRLJ6i+qc/KCFMqWmvlGWMhA==
  dependencies:
    "@juggle/resize-observer" "^3.3.1"
    can-use-dom "^0.1.0"
    core-js "^3.0.1"
    lodash.debounce "^4.0.8"
    lodash.memoize "^4.1.2"
    lodash.throttle "^4.1.1"

spark-md5@^3.0.0:
  version "3.0.1"
  resolved "https://registry.yarnpkg.com/spark-md5/-/spark-md5-3.0.1.tgz#83a0e255734f2ab4e5c466e5a2cfc9ba2aa2124d"
  integrity sha512-0tF3AGSD1ppQeuffsLDIOWlKUd3lS92tFxcsrh5Pe3ZphhnoK+oXIBTzOAThZCiuINZLvpiLH/1VS1/ANEJVig==

stimulus-checkbox-select-all@^5.0.0:
  version "5.0.0"
  resolved "https://registry.yarnpkg.com/stimulus-checkbox-select-all/-/stimulus-checkbox-select-all-5.0.0.tgz#df987483fa49a87a495d44b4aba1c76fffbe5ee2"
  integrity sha512-hOvbXmIx5y5a4BjZf2M+jncJW8DN8I8yW5crUbs7Ys5h7fICgt8ZBlzgVe/iToPFIZ73U5TQw/HyeGmeMpayIA==

to-regex-range@^5.0.1:
  version "5.0.1"
  resolved "https://registry.yarnpkg.com/to-regex-range/-/to-regex-range-5.0.1.tgz#1648c44aae7c8d988a326018ed72f5b4dd0392e4"
  integrity sha512-65P7iz6X5yEr1cwcgvQxbbIw7Uk3gOy5dIdtZ4rDveLqhrdJP+Li/Hx6tyK0NEb+2GCyneCMJiGqrADCSNk8sQ==
  dependencies:
    is-number "^7.0.0"

wrappy@1:
  version "1.0.2"
  resolved "https://registry.yarnpkg.com/wrappy/-/wrappy-1.0.2.tgz#b5243d8f3ec1aa35f1364605bc0d1036e30ab69f"
  integrity sha1-tSQ9jz7BqjXxNkYFvA0QNuMKtp8=
